
Microsoft Visual Studio Solution File, Format Version 12.00
# Visual Studio Version 16
VisualStudioVersion = 16.0.32413.511
MinimumVisualStudioVersion = 10.0.40219.1
Project("{FAE04EC0-301F-11D3-BF4B-00C04F79EFBC}") = "TiaportalHaberlesme", "TiaportalHaberlesme\TiaportalHaberlesme.csproj", "{27334804-BB4D-4543-854E-C57D92C7C9E5}"
EndProject
Global
	GlobalSection(SolutionConfigurationPlatforms) = preSolution
		Debug|Any CPU = Debug|Any CPU
		Release|Any CPU = Release|Any CPU
	EndGlobalSection
	GlobalSection(ProjectConfigurationPlatforms) = postSolution
		{27334804-BB4D-4543-854E-C57D92C7C9E5}.Debug|Any CPU.ActiveCfg = Debug|Any CPU
		{27334804-BB4D-4543-854E-C57D92C7C9E5}.Debug|Any CPU.Build.0 = Debug|Any CPU
		{27334804-BB4D-4543-854E-C57D92C7C9E5}.Release|Any CPU.ActiveCfg = Release|Any CPU
		{27334804-BB4D-4543-854E-C57D92C7C9E5}.Release|Any CPU.Build.0 = Release|Any CPU
	EndGlobalSection
	GlobalSection(SolutionProperties) = preSolution
		HideSolutionNode = FALSE
	EndGlobalSection
	GlobalSection(ExtensibilityGlobals) = postSolution
		SolutionGuid = {6B53DDE9-B2D0-4B4B-9C68-EA6B4FAB3134}
	EndGlobalSection
EndGlobal
